
Microsoft Visual Studio Solution File, Format Version 12.00
# Visual Studio Version 17
VisualStudioVersion = 17.13.35818.85 d17.13
MinimumVisualStudioVersion = 10.0.40219.1
Project("{FAE04EC0-301F-11D3-BF4B-00C04F79EFBC}") = "FlightStorageService", "FlightInformationSystem\FlightStorageService.csproj", "{0F3F4CA5-47BB-4071-B2A5-08392F26ABA4}"
EndProject
Project("{FAE04EC0-301F-11D3-BF4B-00C04F79EFBC}") = "FlightClientApp", "FlightClientApp\FlightClientApp.csproj", "{FF7CA530-409A-4713-AD40-175FC17C64B7}"
EndProject
Global
	GlobalSection(SolutionConfigurationPlatforms) = preSolution
		Debug|Any CPU = Debug|Any CPU
		Release|Any CPU = Release|Any CPU
	EndGlobalSection
	GlobalSection(ProjectConfigurationPlatforms) = postSolution
		{0F3F4CA5-47BB-4071-B2A5-08392F26ABA4}.Debug|Any CPU.ActiveCfg = Debug|Any CPU
		{0F3F4CA5-47BB-4071-B2A5-08392F26ABA4}.Debug|Any CPU.Build.0 = Debug|Any CPU
		{0F3F4CA5-47BB-4071-B2A5-08392F26ABA4}.Release|Any CPU.ActiveCfg = Release|Any CPU
		{0F3F4CA5-47BB-4071-B2A5-08392F26ABA4}.Release|Any CPU.Build.0 = Release|Any CPU
		{FF7CA530-409A-4713-AD40-175FC17C64B7}.Debug|Any CPU.ActiveCfg = Debug|Any CPU
		{FF7CA530-409A-4713-AD40-175FC17C64B7}.Debug|Any CPU.Build.0 = Debug|Any CPU
		{FF7CA530-409A-4713-AD40-175FC17C64B7}.Release|Any CPU.ActiveCfg = Release|Any CPU
		{FF7CA530-409A-4713-AD40-175FC17C64B7}.Release|Any CPU.Build.0 = Release|Any CPU
	EndGlobalSection
	GlobalSection(SolutionProperties) = preSolution
		HideSolutionNode = FALSE
	EndGlobalSection
	GlobalSection(ExtensibilityGlobals) = postSolution
		SolutionGuid = {494A9A88-3419-4278-9932-8E7536360A3B}
	EndGlobalSection
EndGlobal
